// !$*UTF8*$!
{
	archiveVersion = 1;
	classes = {
	};
	objectVersion = 50;
	objects = {

/* Begin PBXBuildFile section */
		1A23C47026BC0B03004AAEB4 /* SwiftUITableViewApp.swift in Sources */ = {isa = PBXBuildFile; fileRef = 1A23C46F26BC0B03004AAEB4 /* SwiftUITableViewApp.swift */; };
		1A23C47226BC0B03004AAEB4 /* ContentView.swift in Sources */ = {isa = PBXBuildFile; fileRef = 1A23C47126BC0B03004AAEB4 /* ContentView.swift */; };
		1A23C47426BC0B05004AAEB4 /* Assets.xcassets in Resources */ = {isa = PBXBuildFile; fileRef = 1A23C47326BC0B05004AAEB4 /* Assets.xcassets */; };
		1A23C47726BC0B05004AAEB4 /* Preview Assets.xcassets in Resources */ = {isa = PBXBuildFile; fileRef = 1A23C47626BC0B05004AAEB4 /* Preview Assets.xcassets */; };
		1A23C47926BC0B05004AAEB4 /* Persistence.swift in Sources */ = {isa = PBXBuildFile; fileRef = 1A23C47826BC0B05004AAEB4 /* Persistence.swift */; };
		1A23C47C26BC0B06004AAEB4 /* SwiftUITableView.xcdatamodeld in Sources */ = {isa = PBXBuildFile; fileRef = 1A23C47A26BC0B05004AAEB4 /* SwiftUITableView.xcdatamodeld */; };
		1A23C48726BC0B06004AAEB4 /* SwiftUITableViewTests.swift in Sources */ = {isa = PBXBuildFile; fileRef = 1A23C48626BC0B06004AAEB4 /* SwiftUITableViewTests.swift */; };
		1A23C49226BC0B06004AAEB4 /* SwiftUITableViewUITests.swift in Sources */ = {isa = PBXBuildFile; fileRef = 1A23C49126BC0B06004AAEB4 /* SwiftUITableViewUITests.swift */; };
		1A23C4A226BC1099004AAEB4 /* GeneralUtility.swift in Sources */ = {isa = PBXBuildFile; fileRef = 1A23C4A126BC1099004AAEB4 /* GeneralUtility.swift */; };
		1A23C4A426BC13E2004AAEB4 /* landmarks.json in Resources */ = {isa = PBXBuildFile; fileRef = 1A23C4A326BC13E2004AAEB4 /* landmarks.json */; };
		1A95ECD826BC524C00572A07 /* TableViewSeactionHeader.swift in Sources */ = {isa = PBXBuildFile; fileRef = 1A95ECD726BC524C00572A07 /* TableViewSeactionHeader.swift */; };
		1A95ECDA26BC527C00572A07 /* TableViewCell.swift in Sources */ = {isa = PBXBuildFile; fileRef = 1A95ECD926BC527C00572A07 /* TableViewCell.swift */; };
		1A95ECDC26BC575F00572A07 /* DetailView.swift in Sources */ = {isa = PBXBuildFile; fileRef = 1A95ECDB26BC575F00572A07 /* DetailView.swift */; };
/* End PBXBuildFile section */

/* Begin PBXContainerItemProxy section */
		1A23C48326BC0B06004AAEB4 /* PBXContainerItemProxy */ = {
			isa = PBXContainerItemProxy;
			containerPortal = 1A23C46426BC0B03004AAEB4 /* Project object */;
			proxyType = 1;
			remoteGlobalIDString = 1A23C46B26BC0B03004AAEB4;
			remoteInfo = SwiftUITableView;
		};
		1A23C48E26BC0B06004AAEB4 /* PBXContainerItemProxy */ = {
			isa = PBXContainerItemProxy;
			containerPortal = 1A23C46426BC0B03004AAEB4 /* Project object */;
			proxyType = 1;
			remoteGlobalIDString = 1A23C46B26BC0B03004AAEB4;
			remoteInfo = SwiftUITableView;
		};
/* End PBXContainerItemProxy section */

/* Begin PBXFileReference section */
		1A23C46C26BC0B03004AAEB4 /* SwiftUITableView.app */ = {isa = PBXFileReference; explicitFileType = wrapper.application; includeInIndex = 0; path = SwiftUITableView.app; sourceTree = BUILT_PRODUCTS_DIR; };
		1A23C46F26BC0B03004AAEB4 /* SwiftUITableViewApp.swift */ = {isa = PBXFileReference; lastKnownFileType = sourcecode.swift; path = SwiftUITableViewApp.swift; sourceTree = "<group>"; };
		1A23C47126BC0B03004AAEB4 /* ContentView.swift */ = {isa = PBXFileReference; lastKnownFileType = sourcecode.swift; path = ContentView.swift; sourceTree = "<group>"; };
		1A23C47326BC0B05004AAEB4 /* Assets.xcassets */ = {isa = PBXFileReference; lastKnownFileType = folder.assetcatalog; path = Assets.xcassets; sourceTree = "<group>"; };
		1A23C47626BC0B05004AAEB4 /* Preview Assets.xcassets */ = {isa = PBXFileReference; lastKnownFileType = folder.assetcatalog; path = "Preview Assets.xcassets"; sourceTree = "<group>"; };
		1A23C47826BC0B05004AAEB4 /* Persistence.swift */ = {isa = PBXFileReference; lastKnownFileType = sourcecode.swift; path = Persistence.swift; sourceTree = "<group>"; };
		1A23C47B26BC0B05004AAEB4 /* SwiftUITableView.xcdatamodel */ = {isa = PBXFileReference; lastKnownFileType = wrapper.xcdatamodel; path = SwiftUITableView.xcdatamodel; sourceTree = "<group>"; };
		1A23C47D26BC0B06004AAEB4 /* Info.plist */ = {isa = PBXFileReference; lastKnownFileType = text.plist.xml; path = Info.plist; sourceTree = "<group>"; };
		1A23C48226BC0B06004AAEB4 /* SwiftUITableViewTests.xctest */ = {isa = PBXFileReference; explicitFileType = wrapper.cfbundle; includeInIndex = 0; path = SwiftUITableViewTests.xctest; sourceTree = BUILT_PRODUCTS_DIR; };
		1A23C48626BC0B06004AAEB4 /* SwiftUITableViewTests.swift */ = {isa = PBXFileReference; lastKnownFileType = sourcecode.swift; path = SwiftUITableViewTests.swift; sourceTree = "<group>"; };
		1A23C48826BC0B06004AAEB4 /* Info.plist */ = {isa = PBXFileReference; lastKnownFileType = text.plist.xml; path = Info.plist; sourceTree = "<group>"; };
		1A23C48D26BC0B06004AAEB4 /* SwiftUITableViewUITests.xctest */ = {isa = PBXFileReference; explicitFileType = wrapper.cfbundle; includeInIndex = 0; path = SwiftUITableViewUITests.xctest; sourceTree = BUILT_PRODUCTS_DIR; };
		1A23C49126BC0B06004AAEB4 /* SwiftUITableViewUITests.swift */ = {isa = PBXFileReference; lastKnownFileType = sourcecode.swift; path = SwiftUITableViewUITests.swift; sourceTree = "<group>"; };
		1A23C49326BC0B06004AAEB4 /* Info.plist */ = {isa = PBXFileReference; lastKnownFileType = text.plist.xml; path = Info.plist; sourceTree = "<group>"; };
		1A23C4A126BC1099004AAEB4 /* GeneralUtility.swift */ = {isa = PBXFileReference; lastKnownFileType = sourcecode.swift; path = GeneralUtility.swift; sourceTree = "<group>"; };
		1A23C4A326BC13E2004AAEB4 /* landmarks.json */ = {isa = PBXFileReference; fileEncoding = 4; lastKnownFileType = text.json; path = landmarks.json; sourceTree = "<group>"; };
		1A95ECD726BC524C00572A07 /* TableViewSeactionHeader.swift */ = {isa = PBXFileReference; lastKnownFileType = sourcecode.swift; path = TableViewSeactionHeader.swift; sourceTree = "<group>"; };
		1A95ECD926BC527C00572A07 /* TableViewCell.swift */ = {isa = PBXFileReference; lastKnownFileType = sourcecode.swift; path = TableViewCell.swift; sourceTree = "<group>"; };
		1A95ECDB26BC575F00572A07 /* DetailView.swift */ = {isa = PBXFileReference; lastKnownFileType = sourcecode.swift; path = DetailView.swift; sourceTree = "<group>"; };
/* End PBXFileReference section */

/* Begin PBXFrameworksBuildPhase section */
		1A23C46926BC0B03004AAEB4 /* Frameworks */ = {
			isa = PBXFrameworksBuildPhase;
			buildActionMask = 2147483647;
			files = (
			);
			runOnlyForDeploymentPostprocessing = 0;
		};
		1A23C47F26BC0B06004AAEB4 /* Frameworks */ = {
			isa = PBXFrameworksBuildPhase;
			buildActionMask = 2147483647;
			files = (
			);
			runOnlyForDeploymentPostprocessing = 0;
		};
		1A23C48A26BC0B06004AAEB4 /* Frameworks */ = {
			isa = PBXFrameworksBuildPhase;
			buildActionMask = 2147483647;
			files = (
			);
			runOnlyForDeploymentPostprocessing = 0;
		};
/* End PBXFrameworksBuildPhase section */

/* Begin PBXGroup section */
		1A23C46326BC0B03004AAEB4 = {
			isa = PBXGroup;
			children = (
				1A23C46E26BC0B03004AAEB4 /* SwiftUITableView */,
				1A23C48526BC0B06004AAEB4 /* SwiftUITableViewTests */,
				1A23C49026BC0B06004AAEB4 /* SwiftUITableViewUITests */,
				1A23C46D26BC0B03004AAEB4 /* Products */,
			);
			sourceTree = "<group>";
		};
		1A23C46D26BC0B03004AAEB4 /* Products */ = {
			isa = PBXGroup;
			children = (
				1A23C46C26BC0B03004AAEB4 /* SwiftUITableView.app */,
				1A23C48226BC0B06004AAEB4 /* SwiftUITableViewTests.xctest */,
				1A23C48D26BC0B06004AAEB4 /* SwiftUITableViewUITests.xctest */,
			);
			name = Products;
			sourceTree = "<group>";
		};
		1A23C46E26BC0B03004AAEB4 /* SwiftUITableView */ = {
			isa = PBXGroup;
			children = (
				1A23C4A326BC13E2004AAEB4 /* landmarks.json */,
				1A23C4A026BC1073004AAEB4 /* GeneralUtility */,
				1A23C49F26BC0BBC004AAEB4 /* View */,
				1A23C46F26BC0B03004AAEB4 /* SwiftUITableViewApp.swift */,
				1A23C47326BC0B05004AAEB4 /* Assets.xcassets */,
				1A23C47826BC0B05004AAEB4 /* Persistence.swift */,
				1A23C47D26BC0B06004AAEB4 /* Info.plist */,
				1A23C47A26BC0B05004AAEB4 /* SwiftUITableView.xcdatamodeld */,
				1A23C47526BC0B05004AAEB4 /* Preview Content */,
			);
			path = SwiftUITableView;
			sourceTree = "<group>";
		};
		1A23C47526BC0B05004AAEB4 /* Preview Content */ = {
			isa = PBXGroup;
			children = (
				1A23C47626BC0B05004AAEB4 /* Preview Assets.xcassets */,
			);
			path = "Preview Content";
			sourceTree = "<group>";
		};
		1A23C48526BC0B06004AAEB4 /* SwiftUITableViewTests */ = {
			isa = PBXGroup;
			children = (
				1A23C48626BC0B06004AAEB4 /* SwiftUITableViewTests.swift */,
				1A23C48826BC0B06004AAEB4 /* Info.plist */,
			);
			path = SwiftUITableViewTests;
			sourceTree = "<group>";
		};
		1A23C49026BC0B06004AAEB4 /* SwiftUITableViewUITests */ = {
			isa = PBXGroup;
			children = (
				1A23C49126BC0B06004AAEB4 /* SwiftUITableViewUITests.swift */,
				1A23C49326BC0B06004AAEB4 /* Info.plist */,
			);
			path = SwiftUITableViewUITests;
			sourceTree = "<group>";
		};
		1A23C49F26BC0BBC004AAEB4 /* View */ = {
			isa = PBXGroup;
			children = (
				1A23C47126BC0B03004AAEB4 /* ContentView.swift */,
				1A95ECD726BC524C00572A07 /* TableViewSeactionHeader.swift */,
				1A95ECD926BC527C00572A07 /* TableViewCell.swift */,
				1A95ECDB26BC575F00572A07 /* DetailView.swift */,
			);
			name = View;
			sourceTree = "<group>";
		};
		1A23C4A026BC1073004AAEB4 /* GeneralUtility */ = {
			isa = PBXGroup;
			children = (
				1A23C4A126BC1099004AAEB4 /* GeneralUtility.swift */,
			);
			path = GeneralUtility;
			sourceTree = "<group>";
		};
/* End PBXGroup section */

/* Begin PBXNativeTarget section */
		1A23C46B26BC0B03004AAEB4 /* SwiftUITableView */ = {
			isa = PBXNativeTarget;
			buildConfigurationList = 1A23C49626BC0B06004AAEB4 /* Build configuration list for PBXNativeTarget "SwiftUITableView" */;
			buildPhases = (
				1A23C46826BC0B03004AAEB4 /* Sources */,
				1A23C46926BC0B03004AAEB4 /* Frameworks */,
				1A23C46A26BC0B03004AAEB4 /* Resources */,
			);
			buildRules = (
			);
			dependencies = (
			);
			name = SwiftUITableView;
			productName = SwiftUITableView;
			productReference = 1A23C46C26BC0B03004AAEB4 /* SwiftUITableView.app */;
			productType = "com.apple.product-type.application";
		};
		1A23C48126BC0B06004AAEB4 /* SwiftUITableViewTests */ = {
			isa = PBXNativeTarget;
			buildConfigurationList = 1A23C49926BC0B06004AAEB4 /* Build configuration list for PBXNativeTarget "SwiftUITableViewTests" */;
			buildPhases = (
				1A23C47E26BC0B06004AAEB4 /* Sources */,
				1A23C47F26BC0B06004AAEB4 /* Frameworks */,
				1A23C48026BC0B06004AAEB4 /* Resources */,
			);
			buildRules = (
			);
			dependencies = (
				1A23C48426BC0B06004AAEB4 /* PBXTargetDependency */,
			);
			name = SwiftUITableViewTests;
			productName = SwiftUITableViewTests;
			productReference = 1A23C48226BC0B06004AAEB4 /* SwiftUITableViewTests.xctest */;
			productType = "com.apple.product-type.bundle.unit-test";
		};
		1A23C48C26BC0B06004AAEB4 /* SwiftUITableViewUITests */ = {
			isa = PBXNativeTarget;
			buildConfigurationList = 1A23C49C26BC0B06004AAEB4 /* Build configuration list for PBXNativeTarget "SwiftUITableViewUITests" */;
			buildPhases = (
				1A23C48926BC0B06004AAEB4 /* Sources */,
				1A23C48A26BC0B06004AAEB4 /* Frameworks */,
				1A23C48B26BC0B06004AAEB4 /* Resources */,
			);
			buildRules = (
			);
			dependencies = (
				1A23C48F26BC0B06004AAEB4 /* PBXTargetDependency */,
			);
			name = SwiftUITableViewUITests;
			productName = SwiftUITableViewUITests;
			productReference = 1A23C48D26BC0B06004AAEB4 /* SwiftUITableViewUITests.xctest */;
			productType = "com.apple.product-type.bundle.ui-testing";
		};
/* End PBXNativeTarget section */

/* Begin PBXProject section */
		1A23C46426BC0B03004AAEB4 /* Project object */ = {
			isa = PBXProject;
			attributes = {
				LastSwiftUpdateCheck = 1250;
				LastUpgradeCheck = 1250;
				TargetAttributes = {
					1A23C46B26BC0B03004AAEB4 = {
						CreatedOnToolsVersion = 12.5.1;
					};
					1A23C48126BC0B06004AAEB4 = {
						CreatedOnToolsVersion = 12.5.1;
						TestTargetID = 1A23C46B26BC0B03004AAEB4;
					};
					1A23C48C26BC0B06004AAEB4 = {
						CreatedOnToolsVersion = 12.5.1;
						TestTargetID = 1A23C46B26BC0B03004AAEB4;
					};
				};
			};
			buildConfigurationList = 1A23C46726BC0B03004AAEB4 /* Build configuration list for PBXProject "SwiftUITableView" */;
			compatibilityVersion = "Xcode 9.3";
			developmentRegion = en;
			hasScannedForEncodings = 0;
			knownRegions = (
				en,
				Base,
			);
			mainGroup = 1A23C46326BC0B03004AAEB4;
			productRefGroup = 1A23C46D26BC0B03004AAEB4 /* Products */;
			projectDirPath = "";
			projectRoot = "";
			targets = (
				1A23C46B26BC0B03004AAEB4 /* SwiftUITableView */,
				1A23C48126BC0B06004AAEB4 /* SwiftUITableViewTests */,
				1A23C48C26BC0B06004AAEB4 /* SwiftUITableViewUITests */,
			);
		};
/* End PBXProject section */

/* Begin PBXResourcesBuildPhase section */
		1A23C46A26BC0B03004AAEB4 /* Resources */ = {
			isa = PBXResourcesBuildPhase;
			buildActionMask = 2147483647;
			files = (
				1A23C47726BC0B05004AAEB4 /* Preview Assets.xcassets in Resources */,
				1A23C4A426BC13E2004AAEB4 /* landmarks.json in Resources */,
				1A23C47426BC0B05004AAEB4 /* Assets.xcassets in Resources */,
			);
			runOnlyForDeploymentPostprocessing = 0;
		};
		1A23C48026BC0B06004AAEB4 /* Resources */ = {
			isa = PBXResourcesBuildPhase;
			buildActionMask = 2147483647;
			files = (
			);
			runOnlyForDeploymentPostprocessing = 0;
		};
		1A23C48B26BC0B06004AAEB4 /* Resources */ = {
			isa = PBXResourcesBuildPhase;
			buildActionMask = 2147483647;
			files = (
			);
			runOnlyForDeploymentPostprocessing = 0;
		};
/* End PBXResourcesBuildPhase section */

/* Begin PBXSourcesBuildPhase section */
		1A23C46826BC0B03004AAEB4 /* Sources */ = {
			isa = PBXSourcesBuildPhase;
			buildActionMask = 2147483647;
			files = (
				1A95ECD826BC524C00572A07 /* TableViewSeactionHeader.swift in Sources */,
				1A95ECDC26BC575F00572A07 /* DetailView.swift in Sources */,
				1A23C47926BC0B05004AAEB4 /* Persistence.swift in Sources */,
				1A23C47226BC0B03004AAEB4 /* ContentView.swift in Sources */,
				1A23C4A226BC1099004AAEB4 /* GeneralUtility.swift in Sources */,
				1A23C47026BC0B03004AAEB4 /* SwiftUITableViewApp.swift in Sources */,
				1A95ECDA26BC527C00572A07 /* TableViewCell.swift in Sources */,
				1A23C47C26BC0B06004AAEB4 /* SwiftUITableView.xcdatamodeld in Sources */,
			);
			runOnlyForDeploymentPostprocessing = 0;
		};
		1A23C47E26BC0B06004AAEB4 /* Sources */ = {
			isa = PBXSourcesBuildPhase;
			buildActionMask = 2147483647;
			files = (
				1A23C48726BC0B06004AAEB4 /* SwiftUITableViewTests.swift in Sources */,
			);
			runOnlyForDeploymentPostprocessing = 0;
		};
		1A23C48926BC0B06004AAEB4 /* Sources */ = {
			isa = PBXSourcesBuildPhase;
			buildActionMask = 2147483647;
			files = (
				1A23C49226BC0B06004AAEB4 /* SwiftUITableViewUITests.swift in Sources */,
			);
			runOnlyForDeploymentPostprocessing = 0;
		};
/* End PBXSourcesBuildPhase section */

/* Begin PBXTargetDependency section */
		1A23C48426BC0B06004AAEB4 /* PBXTargetDependency */ = {
			isa = PBXTargetDependency;
			target = 1A23C46B26BC0B03004AAEB4 /* SwiftUITableView */;
			targetProxy = 1A23C48326BC0B06004AAEB4 /* PBXContainerItemProxy */;
		};
		1A23C48F26BC0B06004AAEB4 /* PBXTargetDependency */ = {
			isa = PBXTargetDependency;
			target = 1A23C46B26BC0B03004AAEB4 /* SwiftUITableView */;
			targetProxy = 1A23C48E26BC0B06004AAEB4 /* PBXContainerItemProxy */;
		};
/* End PBXTargetDependency section */

/* Begin XCBuildConfiguration section */
		1A23C49426BC0B06004AAEB4 /* Debug */ = {
			isa = XCBuildConfiguration;
			buildSettings = {
				ALWAYS_SEARCH_USER_PATHS = NO;
				CLANG_ANALYZER_NONNULL = YES;
				CLANG_ANALYZER_NUMBER_OBJECT_CONVERSION = YES_AGGRESSIVE;
				CLANG_CXX_LANGUAGE_STANDARD = "gnu++14";
				CLANG_CXX_LIBRARY = "libc++";
				CLANG_ENABLE_MODULES = YES;
				CLANG_ENABLE_OBJC_ARC = YES;
				CLANG_ENABLE_OBJC_WEAK = YES;
				CLANG_WARN_BLOCK_CAPTURE_AUTORELEASING = YES;
				CLANG_WARN_BOOL_CONVERSION = YES;
				CLANG_WARN_COMMA = YES;
				CLANG_WARN_CONSTANT_CONVERSION = YES;
				CLANG_WARN_DEPRECATED_OBJC_IMPLEMENTATIONS = YES;
				CLANG_WARN_DIRECT_OBJC_ISA_USAGE = YES_ERROR;
				CLANG_WARN_DOCUMENTATION_COMMENTS = YES;
				CLANG_WARN_EMPTY_BODY = YES;
				CLANG_WARN_ENUM_CONVERSION = YES;
				CLANG_WARN_INFINITE_RECURSION = YES;
				CLANG_WARN_INT_CONVERSION = YES;
				CLANG_WARN_NON_LITERAL_NULL_CONVERSION = YES;
				CLANG_WARN_OBJC_IMPLICIT_RETAIN_SELF = YES;
				CLANG_WARN_OBJC_LITERAL_CONVERSION = YES;
				CLANG_WARN_OBJC_ROOT_CLASS = YES_ERROR;
				CLANG_WARN_QUOTED_INCLUDE_IN_FRAMEWORK_HEADER = YES;
				CLANG_WARN_RANGE_LOOP_ANALYSIS = YES;
				CLANG_WARN_STRICT_PROTOTYPES = YES;
				CLANG_WARN_SUSPICIOUS_MOVE = YES;
				CLANG_WARN_UNGUARDED_AVAILABILITY = YES_AGGRESSIVE;
				CLANG_WARN_UNREACHABLE_CODE = YES;
				CLANG_WARN__DUPLICATE_METHOD_MATCH = YES;
				COPY_PHASE_STRIP = NO;
				DEBUG_INFORMATION_FORMAT = dwarf;
				ENABLE_STRICT_OBJC_MSGSEND = YES;
				ENABLE_TESTABILITY = YES;
				GCC_C_LANGUAGE_STANDARD = gnu11;
				GCC_DYNAMIC_NO_PIC = NO;
				GCC_NO_COMMON_BLOCKS = YES;
				GCC_OPTIMIZATION_LEVEL = 0;
				GCC_PREPROCESSOR_DEFINITIONS = (
					"DEBUG=1",
					"$(inherited)",
				);
				GCC_WARN_64_TO_32_BIT_CONVERSION = YES;
				GCC_WARN_ABOUT_RETURN_TYPE = YES_ERROR;
				GCC_WARN_UNDECLARED_SELECTOR = YES;
				GCC_WARN_UNINITIALIZED_AUTOS = YES_AGGRESSIVE;
				GCC_WARN_UNUSED_FUNCTION = YES;
				GCC_WARN_UNUSED_VARIABLE = YES;
				IPHONEOS_DEPLOYMENT_TARGET = 14.5;
				MTL_ENABLE_DEBUG_INFO = INCLUDE_SOURCE;
				MTL_FAST_MATH = YES;
				ONLY_ACTIVE_ARCH = YES;
				SDKROOT = iphoneos;
				SWIFT_ACTIVE_COMPILATION_CONDITIONS = DEBUG;
				SWIFT_OPTIMIZATION_LEVEL = "-Onone";
			};
			name = Debug;
		};
		1A23C49526BC0B06004AAEB4 /* Release */ = {
			isa = XCBuildConfiguration;
			buildSettings = {
				ALWAYS_SEARCH_USER_PATHS = NO;
				CLANG_ANALYZER_NONNULL = YES;
				CLANG_ANALYZER_NUMBER_OBJECT_CONVERSION = YES_AGGRESSIVE;
				CLANG_CXX_LANGUAGE_STANDARD = "gnu++14";
				CLANG_CXX_LIBRARY = "libc++";
				CLANG_ENABLE_MODULES = YES;
				CLANG_ENABLE_OBJC_ARC = YES;
				CLANG_ENABLE_OBJC_WEAK = YES;
				CLANG_WARN_BLOCK_CAPTURE_AUTORELEASING = YES;
				CLANG_WARN_BOOL_CONVERSION = YES;
				CLANG_WARN_COMMA = YES;
				CLANG_WARN_CONSTANT_CONVERSION = YES;
				CLANG_WARN_DEPRECATED_OBJC_IMPLEMENTATIONS = YES;
				CLANG_WARN_DIRECT_OBJC_ISA_USAGE = YES_ERROR;
				CLANG_WARN_DOCUMENTATION_COMMENTS = YES;
				CLANG_WARN_EMPTY_BODY = YES;
				CLANG_WARN_ENUM_CONVERSION = YES;
				CLANG_WARN_INFINITE_RECURSION = YES;
				CLANG_WARN_INT_CONVERSION = YES;
				CLANG_WARN_NON_LITERAL_NULL_CONVERSION = YES;
				CLANG_WARN_OBJC_IMPLICIT_RETAIN_SELF = YES;
				CLANG_WARN_OBJC_LITERAL_CONVERSION = YES;
				CLANG_WARN_OBJC_ROOT_CLASS = YES_ERROR;
				CLANG_WARN_QUOTED_INCLUDE_IN_FRAMEWORK_HEADER = YES;
				CLANG_WARN_RANGE_LOOP_ANALYSIS = YES;
				CLANG_WARN_STRICT_PROTOTYPES = YES;
				CLANG_WARN_SUSPICIOUS_MOVE = YES;
				CLANG_WARN_UNGUARDED_AVAILABILITY = YES_AGGRESSIVE;
				CLANG_WARN_UNREACHABLE_CODE = YES;
				CLANG_WARN__DUPLICATE_METHOD_MATCH = YES;
				COPY_PHASE_STRIP = NO;
				DEBUG_INFORMATION_FORMAT = "dwarf-with-dsym";
				ENABLE_NS_ASSERTIONS = NO;
				ENABLE_STRICT_OBJC_MSGSEND = YES;
				GCC_C_LANGUAGE_STANDARD = gnu11;
				GCC_NO_COMMON_BLOCKS = YES;
				GCC_WARN_64_TO_32_BIT_CONVERSION = YES;
				GCC_WARN_ABOUT_RETURN_TYPE = YES_ERROR;
				GCC_WARN_UNDECLARED_SELECTOR = YES;
				GCC_WARN_UNINITIALIZED_AUTOS = YES_AGGRESSIVE;
				GCC_WARN_UNUSED_FUNCTION = YES;
				GCC_WARN_UNUSED_VARIABLE = YES;
				IPHONEOS_DEPLOYMENT_TARGET = 14.5;
				MTL_ENABLE_DEBUG_INFO = NO;
				MTL_FAST_MATH = YES;
				SDKROOT = iphoneos;
				SWIFT_COMPILATION_MODE = wholemodule;
				SWIFT_OPTIMIZATION_LEVEL = "-O";
				VALIDATE_PRODUCT = YES;
			};
			name = Release;
		};
		1A23C49726BC0B06004AAEB4 /* Debug */ = {
			isa = XCBuildConfiguration;
			buildSettings = {
				ASSETCATALOG_COMPILER_APPICON_NAME = AppIcon;
				ASSETCATALOG_COMPILER_GLOBAL_ACCENT_COLOR_NAME = AccentColor;
				CODE_SIGN_STYLE = Automatic;
				DEVELOPMENT_ASSET_PATHS = "\"SwiftUITableView/Preview Content\"";
				ENABLE_PREVIEWS = YES;
				INFOPLIST_FILE = SwiftUITableView/Info.plist;
				IPHONEOS_DEPLOYMENT_TARGET = 14.0;
				LD_RUNPATH_SEARCH_PATHS = (
					"$(inherited)",
					"@executable_path/Frameworks",
				);
				PRODUCT_BUNDLE_IDENTIFIER = com.vmock.SwiftUITableView;
				PRODUCT_NAME = "$(TARGET_NAME)";
				SWIFT_VERSION = 5.0;
				TARGETED_DEVICE_FAMILY = "1,2";
			};
			name = Debug;
		};
		1A23C49826BC0B06004AAEB4 /* Release */ = {
			isa = XCBuildConfiguration;
			buildSettings = {
				ASSETCATALOG_COMPILER_APPICON_NAME = AppIcon;
				ASSETCATALOG_COMPILER_GLOBAL_ACCENT_COLOR_NAME = AccentColor;
				CODE_SIGN_STYLE = Automatic;
				DEVELOPMENT_ASSET_PATHS = "\"SwiftUITableView/Preview Content\"";
				ENABLE_PREVIEWS = YES;
				INFOPLIST_FILE = SwiftUITableView/Info.plist;
				IPHONEOS_DEPLOYMENT_TARGET = 14.0;
				LD_RUNPATH_SEARCH_PATHS = (
					"$(inherited)",
					"@executable_path/Frameworks",
				);
				PRODUCT_BUNDLE_IDENTIFIER = com.vmock.SwiftUITableView;
				PRODUCT_NAME = "$(TARGET_NAME)";
				SWIFT_VERSION = 5.0;
				TARGETED_DEVICE_FAMILY = "1,2";
			};
			name = Release;
		};
		1A23C49A26BC0B06004AAEB4 /* Debug */ = {
			isa = XCBuildConfiguration;
			buildSettings = {
				ALWAYS_EMBED_SWIFT_STANDARD_LIBRARIES = YES;
				BUNDLE_LOADER = "$(TEST_HOST)";
				CODE_SIGN_STYLE = Automatic;
				INFOPLIST_FILE = SwiftUITableViewTests/Info.plist;
				IPHONEOS_DEPLOYMENT_TARGET = 14.0;
				LD_RUNPATH_SEARCH_PATHS = (
					"$(inherited)",
					"@executable_path/Frameworks",
					"@loader_path/Frameworks",
				);
				PRODUCT_BUNDLE_IDENTIFIER = com.vmock.SwiftUITableViewTests;
				PRODUCT_NAME = "$(TARGET_NAME)";
				SWIFT_VERSION = 5.0;
				TARGETED_DEVICE_FAMILY = "1,2";
				TEST_HOST = "$(BUILT_PRODUCTS_DIR)/SwiftUITableView.app/SwiftUITableView";
			};
			name = Debug;
		};
		1A23C49B26BC0B06004AAEB4 /* Release */ = {
			isa = XCBuildConfiguration;
			buildSettings = {
				ALWAYS_EMBED_SWIFT_STANDARD_LIBRARIES = YES;
				BUNDLE_LOADER = "$(TEST_HOST)";
				CODE_SIGN_STYLE = Automatic;
				INFOPLIST_FILE = SwiftUITableViewTests/Info.plist;
				IPHONEOS_DEPLOYMENT_TARGET = 14.0;
				LD_RUNPATH_SEARCH_PATHS = (
					"$(inherited)",
					"@executable_path/Frameworks",
					"@loader_path/Frameworks",
				);
				PRODUCT_BUNDLE_IDENTIFIER = com.vmock.SwiftUITableViewTests;
				PRODUCT_NAME = "$(TARGET_NAME)";
				SWIFT_VERSION = 5.0;
				TARGETED_DEVICE_FAMILY = "1,2";
				TEST_HOST = "$(BUILT_PRODUCTS_DIR)/SwiftUITableView.app/SwiftUITableView";
			};
			name = Release;
		};
		1A23C49D26BC0B06004AAEB4 /* Debug */ = {
			isa = XCBuildConfiguration;
			buildSettings = {
				ALWAYS_EMBED_SWIFT_STANDARD_LIBRARIES = YES;
				CODE_SIGN_STYLE = Automatic;
				INFOPLIST_FILE = SwiftUITableViewUITests/Info.plist;
				LD_RUNPATH_SEARCH_PATHS = (
					"$(inherited)",
					"@executable_path/Frameworks",
					"@loader_path/Frameworks",
				);
				PRODUCT_BUNDLE_IDENTIFIER = com.vmock.SwiftUITableViewUITests;
				PRODUCT_NAME = "$(TARGET_NAME)";
				SWIFT_VERSION = 5.0;
				TARGETED_DEVICE_FAMILY = "1,2";
				TEST_TARGET_NAME = SwiftUITableView;
			};
			name = Debug;
		};
		1A23C49E26BC0B06004AAEB4 /* Release */ = {
			isa = XCBuildConfiguration;
			buildSettings = {
				ALWAYS_EMBED_SWIFT_STANDARD_LIBRARIES = YES;
				CODE_SIGN_STYLE = Automatic;
				INFOPLIST_FILE = SwiftUITableViewUITests/Info.plist;
				LD_RUNPATH_SEARCH_PATHS = (
					"$(inherited)",
					"@executable_path/Frameworks",
					"@loader_path/Frameworks",
				);
				PRODUCT_BUNDLE_IDENTIFIER = com.vmock.SwiftUITableViewUITests;
				PRODUCT_NAME = "$(TARGET_NAME)";
				SWIFT_VERSION = 5.0;
				TARGETED_DEVICE_FAMILY = "1,2";
				TEST_TARGET_NAME = SwiftUITableView;
			};
			name = Release;
		};
/* End XCBuildConfiguration section */

/* Begin XCConfigurationList section */
		1A23C46726BC0B03004AAEB4 /* Build configuration list for PBXProject "SwiftUITableView" */ = {
			isa = XCConfigurationList;
			buildConfigurations = (
				1A23C49426BC0B06004AAEB4 /* Debug */,
				1A23C49526BC0B06004AAEB4 /* Release */,
			);
			defaultConfigurationIsVisible = 0;
			defaultConfigurationName = Release;
		};
		1A23C49626BC0B06004AAEB4 /* Build configuration list for PBXNativeTarget "SwiftUITableView" */ = {
			isa = XCConfigurationList;
			buildConfigurations = (
				1A23C49726BC0B06004AAEB4 /* Debug */,
				1A23C49826BC0B06004AAEB4 /* Release */,
			);
			defaultConfigurationIsVisible = 0;
			defaultConfigurationName = Release;
		};
		1A23C49926BC0B06004AAEB4 /* Build configuration list for PBXNativeTarget "SwiftUITableViewTests" */ = {
			isa = XCConfigurationList;
			buildConfigurations = (
				1A23C49A26BC0B06004AAEB4 /* Debug */,
				1A23C49B26BC0B06004AAEB4 /* Release */,
			);
			defaultConfigurationIsVisible = 0;
			defaultConfigurationName = Release;
		};
		1A23C49C26BC0B06004AAEB4 /* Build configuration list for PBXNativeTarget "SwiftUITableViewUITests" */ = {
			isa = XCConfigurationList;
			buildConfigurations = (
				1A23C49D26BC0B06004AAEB4 /* Debug */,
				1A23C49E26BC0B06004AAEB4 /* Release */,
			);
			defaultConfigurationIsVisible = 0;
			defaultConfigurationName = Release;
		};
/* End XCConfigurationList section */

/* Begin XCVersionGroup section */
		1A23C47A26BC0B05004AAEB4 /* SwiftUITableView.xcdatamodeld */ = {
			isa = XCVersionGroup;
			children = (
				1A23C47B26BC0B05004AAEB4 /* SwiftUITableView.xcdatamodel */,
			);
			currentVersion = 1A23C47B26BC0B05004AAEB4 /* SwiftUITableView.xcdatamodel */;
			path = SwiftUITableView.xcdatamodeld;
			sourceTree = "<group>";
			versionGroupType = wrapper.xcdatamodel;
		};
/* End XCVersionGroup section */
	};
	rootObject = 1A23C46426BC0B03004AAEB4 /* Project object */;
}
